
Microsoft Visual Studio Solution File, Format Version 12.00
# Visual Studio Version 16
VisualStudioVersion = 16.0.30907.101
MinimumVisualStudioVersion = 10.0.40219.1
Project("{FAE04EC0-301F-11D3-BF4B-00C04F79EFBC}") = "EMPAPI", "EMPAPI\EMPAPI.csproj", "{320F18AC-83A6-4455-AC94-4B73E2BBD09A}"
EndProject
Global
	GlobalSection(SolutionConfigurationPlatforms) = preSolution
		Debug|Any CPU = Debug|Any CPU
		Release|Any CPU = Release|Any CPU
	EndGlobalSection
	GlobalSection(ProjectConfigurationPlatforms) = postSolution
		{320F18AC-83A6-4455-AC94-4B73E2BBD09A}.Debug|Any CPU.ActiveCfg = Debug|Any CPU
		{320F18AC-83A6-4455-AC94-4B73E2BBD09A}.Debug|Any CPU.Build.0 = Debug|Any CPU
		{320F18AC-83A6-4455-AC94-4B73E2BBD09A}.Release|Any CPU.ActiveCfg = Release|Any CPU
		{320F18AC-83A6-4455-AC94-4B73E2BBD09A}.Release|Any CPU.Build.0 = Release|Any CPU
	EndGlobalSection
	GlobalSection(SolutionProperties) = preSolution
		HideSolutionNode = FALSE
	EndGlobalSection
	GlobalSection(ExtensibilityGlobals) = postSolution
		SolutionGuid = {94FECAD9-19CB-40E0-AC5A-D59BF2F8A02C}
	EndGlobalSection
EndGlobal
